
Microsoft Visual Studio Solution File, Format Version 12.00
# Visual Studio Version 16
VisualStudioVersion = 16.0.31410.357
MinimumVisualStudioVersion = 10.0.40219.1
Project("{FAE04EC0-301F-11D3-BF4B-00C04F79EFBC}") = "Noman_Ahmed_DevOps", "Noman_Ahmed_DevOps\Noman_Ahmed_DevOps.csproj", "{D1A9B5AB-3B7A-4501-BB45-B4F4519D4DF6}"
EndProject
Global
	GlobalSection(SolutionConfigurationPlatforms) = preSolution
		Debug|Any CPU = Debug|Any CPU
		Release|Any CPU = Release|Any CPU
	EndGlobalSection
	GlobalSection(ProjectConfigurationPlatforms) = postSolution
		{D1A9B5AB-3B7A-4501-BB45-B4F4519D4DF6}.Debug|Any CPU.ActiveCfg = Debug|Any CPU
		{D1A9B5AB-3B7A-4501-BB45-B4F4519D4DF6}.Debug|Any CPU.Build.0 = Debug|Any CPU
		{D1A9B5AB-3B7A-4501-BB45-B4F4519D4DF6}.Release|Any CPU.ActiveCfg = Release|Any CPU
		{D1A9B5AB-3B7A-4501-BB45-B4F4519D4DF6}.Release|Any CPU.Build.0 = Release|Any CPU
	EndGlobalSection
	GlobalSection(SolutionProperties) = preSolution
		HideSolutionNode = FALSE
	EndGlobalSection
	GlobalSection(ExtensibilityGlobals) = postSolution
		SolutionGuid = {587565BA-C896-422F-B973-4AF7451AF51B}
	EndGlobalSection
EndGlobal
